// !$*UTF8*$!
{
	archiveVersion = 1;
	classes = {
	};
	objectVersion = 56;
	objects = {

/* Begin PBXBuildFile section */
		1A1A1A1A1A1A1A1A1A1A1A1A /* SocialFusionApp.swift in Sources */ = {isa = PBXBuildFile; fileRef = 1A1A1A1A1A1A1A1A1A1A1A1B /* SocialFusionApp.swift */; };
		1A1A1A1A1A1A1A1A1A1A1A1C /* ContentView.swift in Sources */ = {isa = PBXBuildFile; fileRef = 1A1A1A1A1A1A1A1A1A1A1A1D /* ContentView.swift */; };
		1A1A1A1A1A1A1A1A1A1A1A1E /* Assets.xcassets in Resources */ = {isa = PBXBuildFile; fileRef = 1A1A1A1A1A1A1A1A1A1A1A1F /* Assets.xcassets */; };
		1A1A1A1A1A1A1A1A1A1A1A20 /* Preview Assets.xcassets in Resources */ = {isa = PBXBuildFile; fileRef = 1A1A1A1A1A1A1A1A1A1A1A21 /* Preview Assets.xcassets */; };
		1A1A1A1A1A1A1A1A1A1A1A22 /* UnifiedTimelineView.swift in Sources */ = {isa = PBXBuildFile; fileRef = 1A1A1A1A1A1A1A1A1A1A1A23 /* UnifiedTimelineView.swift */; };
		1A1A1A1A1A1A1A1A1A1A1A24 /* ComposeView.swift in Sources */ = {isa = PBXBuildFile; fileRef = 1A1A1A1A1A1A1A1A1A1A1A25 /* ComposeView.swift */; };
		1A1A1A1A1A1A1A1A1A1A1A26 /* AccountsView.swift in Sources */ = {isa = PBXBuildFile; fileRef = 1A1A1A1A1A1A1A1A1A1A1A27 /* AccountsView.swift */; };
		1A1A1A1A1A1A1A1A1A1A1A28 /* SettingsView.swift in Sources */ = {isa = PBXBuildFile; fileRef = 1A1A1A1A1A1A1A1A1A1A1A29 /* SettingsView.swift */; };
		1A1A1A1A1A1A1A1A1A1A1A2A /* PostCardView.swift in Sources */ = {isa = PBXBuildFile; fileRef = 1A1A1A1A1A1A1A1A1A1A1A2B /* PostCardView.swift */; };
		1A1A1A1A1A1A1A1A1A1A1A2C /* Post.swift in Sources */ = {isa = PBXBuildFile; fileRef = 1A1A1A1A1A1A1A1A1A1A1A2D /* Post.swift */; };
/* End PBXBuildFile section */

/* Begin PBXFileReference section */
		1A1A1A1A1A1A1A1A1A1A1A2E /* SocialFusion.app */ = {isa = PBXFileReference; explicitFileType = wrapper.application; includeInIndex = 0; path = SocialFusion.app; sourceTree = BUILT_PRODUCTS_DIR; };
		1A1A